// !$*UTF8*$!
{
	archiveVersion = 1;
	classes = {
	};
	objectVersion = 46;
	objects = {

/* Begin PBXBuildFile section */
		3E35F14514BEE7A400AA2F5C /* default.icns in Resources */ = {isa = PBXBuildFile; fileRef = 3E35F14414BEE7A400AA2F5C /* default.icns */; };
		3EB7F9FA13BDF6AB00BCDAAD /* Cocoa.framework in Frameworks */ = {isa = PBXBuildFile; fileRef = 3EB7F9F913BDF6AB00BCDAAD /* Cocoa.framework */; };
		3EB7FA0413BDF6AB00BCDAAD /* Localizable.strings in Resources */ = {isa = PBXBuildFile; fileRef = 3EB7FA0213BDF6AB00BCDAAD /* Localizable.strings */; };
		3EB7FA0713BDF6AB00BCDAAD /* main.m in Sources */ = {isa = PBXBuildFile; fileRef = 3EB7FA0613BDF6AB00BCDAAD /* main.m */; };
		3EB7FA0A13BDF6AB00BCDAAD /* Credits.rtf in Resources */ = {isa = PBXBuildFile; fileRef = 3EB7FA0813BDF6AB00BCDAAD /* Credits.rtf */; };
		3EB7FA1013BDF6AB00BCDAAD /* MainMenu.xib in Resources */ = {isa = PBXBuildFile; fileRef = 3EB7FA0E13BDF6AB00BCDAAD /* MainMenu.xib */; };
		3EFD5CB621B46E0000B12818 /* AppDelegate.swift in Sources */ = {isa = PBXBuildFile; fileRef = 3EFD5CB521B46E0000B12818 /* AppDelegate.swift */; };
		3EFD5CB821B473B600B12818 /* MainViewController.swift in Sources */ = {isa = PBXBuildFile; fileRef = 3EFD5CB721B473B600B12818 /* MainViewController.swift */; };
		3EFD5CBA21B47C1000B12818 /* Notifications.swift in Sources */ = {isa = PBXBuildFile; fileRef = 3EFD5CB921B47C1000B12818 /* Notifications.swift */; };
		3EFD5CBC21B47EB600B12818 /* ErrorType.swift in Sources */ = {isa = PBXBuildFile; fileRef = 3EFD5CBB21B47EB600B12818 /* ErrorType.swift */; };
		3EFD5CBE21B47F1900B12818 /* RenameType.swift in Sources */ = {isa = PBXBuildFile; fileRef = 3EFD5CBD21B47F1900B12818 /* RenameType.swift */; };
		3EFD5CC321B481BF00B12818 /* Localization.swift in Sources */ = {isa = PBXBuildFile; fileRef = 3EFD5CC221B481BF00B12818 /* Localization.swift */; };
/* End PBXBuildFile section */

/* Begin PBXFileReference section */
		3E35F14414BEE7A400AA2F5C /* default.icns */ = {isa = PBXFileReference; lastKnownFileType = image.icns; path = default.icns; sourceTree = "<group>"; };
		3EB7F9F513BDF6AB00BCDAAD /* EasyRename.app */ = {isa = PBXFileReference; explicitFileType = wrapper.application; includeInIndex = 0; path = EasyRename.app; sourceTree = BUILT_PRODUCTS_DIR; };
		3EB7F9F913BDF6AB00BCDAAD /* Cocoa.framework */ = {isa = PBXFileReference; lastKnownFileType = wrapper.framework; name = Cocoa.framework; path = System/Library/Frameworks/Cocoa.framework; sourceTree = SDKROOT; };
		3EB7F9FC13BDF6AB00BCDAAD /* AppKit.framework */ = {isa = PBXFileReference; lastKnownFileType = wrapper.framework; name = AppKit.framework; path = System/Library/Frameworks/AppKit.framework; sourceTree = SDKROOT; };
		3EB7F9FD13BDF6AB00BCDAAD /* CoreData.framework */ = {isa = PBXFileReference; lastKnownFileType = wrapper.framework; name = CoreData.framework; path = System/Library/Frameworks/CoreData.framework; sourceTree = SDKROOT; };
		3EB7F9FE13BDF6AB00BCDAAD /* Foundation.framework */ = {isa = PBXFileReference; lastKnownFileType = wrapper.framework; name = Foundation.framework; path = System/Library/Frameworks/Foundation.framework; sourceTree = SDKROOT; };
		3EB7FA0113BDF6AB00BCDAAD /* NiceRename-Info.plist */ = {isa = PBXFileReference; lastKnownFileType = text.plist.xml; path = "NiceRename-Info.plist"; sourceTree = "<group>"; };
		3EB7FA0313BDF6AB00BCDAAD /* en */ = {isa = PBXFileReference; lastKnownFileType = text.plist.strings; name = en; path = en.lproj/Localizable.strings; sourceTree = "<group>"; };
		3EB7FA0513BDF6AB00BCDAAD /* NiceRename-Prefix.pch */ = {isa = PBXFileReference; lastKnownFileType = sourcecode.c.h; path = "NiceRename-Prefix.pch"; sourceTree = "<group>"; };
		3EB7FA0613BDF6AB00BCDAAD /* main.m */ = {isa = PBXFileReference; lastKnownFileType = sourcecode.c.objc; path = main.m; sourceTree = "<group>"; };
		3EB7FA0913BDF6AB00BCDAAD /* en */ = {isa = PBXFileReference; lastKnownFileType = text.rtf; name = en; path = en.lproj/Credits.rtf; sourceTree = "<group>"; };
		3EB7FA0F13BDF6AB00BCDAAD /* en */ = {isa = PBXFileReference; lastKnownFileType = file.xib; name = en; path = en.lproj/MainMenu.xib; sourceTree = "<group>"; };
		3EEDF55B14BCD43A00D62825 /* ru */ = {isa = PBXFileReference; lastKnownFileType = text.plist.strings; name = ru; path = ru.lproj/Localizable.strings; sourceTree = "<group>"; };
		3EEDF55C14BCD44200D62825 /* ru */ = {isa = PBXFileReference; lastKnownFileType = text.rtf; name = ru; path = ru.lproj/Credits.rtf; sourceTree = "<group>"; };
		3EEDF55E14BCDC0200D62825 /* ru */ = {isa = PBXFileReference; lastKnownFileType = file.xib; name = ru; path = ru.lproj/MainMenu.xib; sourceTree = "<group>"; };
		3EFD5CB421B46DFF00B12818 /* EasyRename-Bridging-Header.h */ = {isa = PBXFileReference; lastKnownFileType = sourcecode.c.h; path = "EasyRename-Bridging-Header.h"; sourceTree = "<group>"; };
		3EFD5CB521B46E0000B12818 /* AppDelegate.swift */ = {isa = PBXFileReference; lastKnownFileType = sourcecode.swift; path = AppDelegate.swift; sourceTree = "<group>"; };
		3EFD5CB721B473B600B12818 /* MainViewController.swift */ = {isa = PBXFileReference; lastKnownFileType = sourcecode.swift; path = MainViewController.swift; sourceTree = "<group>"; };
		3EFD5CB921B47C1000B12818 /* Notifications.swift */ = {isa = PBXFileReference; lastKnownFileType = sourcecode.swift; path = Notifications.swift; sourceTree = "<group>"; };
		3EFD5CBB21B47EB600B12818 /* ErrorType.swift */ = {isa = PBXFileReference; lastKnownFileType = sourcecode.swift; path = ErrorType.swift; sourceTree = "<group>"; };
		3EFD5CBD21B47F1900B12818 /* RenameType.swift */ = {isa = PBXFileReference; lastKnownFileType = sourcecode.swift; path = RenameType.swift; sourceTree = "<group>"; };
		3EFD5CC221B481BF00B12818 /* Localization.swift */ = {isa = PBXFileReference; lastKnownFileType = sourcecode.swift; path = Localization.swift; sourceTree = "<group>"; };
/* End PBXFileReference section */

/* Begin PBXFrameworksBuildPhase section */
		3EB7F9F213BDF6AB00BCDAAD /* Frameworks */ = {
			isa = PBXFrameworksBuildPhase;
			buildActionMask = 2147483647;
			files = (
				3EB7F9FA13BDF6AB00BCDAAD /* Cocoa.framework in Frameworks */,
			);
			runOnlyForDeploymentPostprocessing = 0;
		};
/* End PBXFrameworksBuildPhase section */

/* Begin PBXGroup section */
		3EB7F9EA13BDF6AB00BCDAAD = {
			isa = PBXGroup;
			children = (
				3EB7F9FF13BDF6AB00BCDAAD /* NiceRename */,
				3EB7F9F813BDF6AB00BCDAAD /* Frameworks */,
				3EB7F9F613BDF6AB00BCDAAD /* Products */,
			);
			sourceTree = "<group>";
		};
		3EB7F9F613BDF6AB00BCDAAD /* Products */ = {
			isa = PBXGroup;
			children = (
				3EB7F9F513BDF6AB00BCDAAD /* EasyRename.app */,
			);
			name = Products;
			sourceTree = "<group>";
		};
		3EB7F9F813BDF6AB00BCDAAD /* Frameworks */ = {
			isa = PBXGroup;
			children = (
				3EB7F9F913BDF6AB00BCDAAD /* Cocoa.framework */,
				3EB7F9FB13BDF6AB00BCDAAD /* Other Frameworks */,
			);
			name = Frameworks;
			sourceTree = "<group>";
		};
		3EB7F9FB13BDF6AB00BCDAAD /* Other Frameworks */ = {
			isa = PBXGroup;
			children = (
				3EB7F9FC13BDF6AB00BCDAAD /* AppKit.framework */,
				3EB7F9FD13BDF6AB00BCDAAD /* CoreData.framework */,
				3EB7F9FE13BDF6AB00BCDAAD /* Foundation.framework */,
			);
			name = "Other Frameworks";
			sourceTree = "<group>";
		};
		3EB7F9FF13BDF6AB00BCDAAD /* NiceRename */ = {
			isa = PBXGroup;
			children = (
				3EFD5CB321B46DF000B12818 /* App */,
				3EB7FA0013BDF6AB00BCDAAD /* Supporting Files */,
			);
			path = NiceRename;
			sourceTree = "<group>";
		};
		3EB7FA0013BDF6AB00BCDAAD /* Supporting Files */ = {
			isa = PBXGroup;
			children = (
				3E35F14414BEE7A400AA2F5C /* default.icns */,
				3EFD5CB421B46DFF00B12818 /* EasyRename-Bridging-Header.h */,
				3EB7FA0E13BDF6AB00BCDAAD /* MainMenu.xib */,
				3EB7FA0113BDF6AB00BCDAAD /* NiceRename-Info.plist */,
				3EB7FA0213BDF6AB00BCDAAD /* Localizable.strings */,
				3EB7FA0513BDF6AB00BCDAAD /* NiceRename-Prefix.pch */,
				3EB7FA0613BDF6AB00BCDAAD /* main.m */,
				3EB7FA0813BDF6AB00BCDAAD /* Credits.rtf */,
			);
			name = "Supporting Files";
			sourceTree = "<group>";
		};
		3EFD5CB321B46DF000B12818 /* App */ = {
			isa = PBXGroup;
			children = (
				3EFD5CC021B47F3600B12818 /* Model */,
				3EFD5CC121B47F4F00B12818 /* UI */,
				3EFD5CB521B46E0000B12818 /* AppDelegate.swift */,
			);
			path = App;
			sourceTree = "<group>";
		};
		3EFD5CC021B47F3600B12818 /* Model */ = {
			isa = PBXGroup;
			children = (
				3EFD5CBB21B47EB600B12818 /* ErrorType.swift */,
				3EFD5CC221B481BF00B12818 /* Localization.swift */,
				3EFD5CB921B47C1000B12818 /* Notifications.swift */,
				3EFD5CBD21B47F1900B12818 /* RenameType.swift */,
			);
			path = Model;
			sourceTree = "<group>";
		};
		3EFD5CC121B47F4F00B12818 /* UI */ = {
			isa = PBXGroup;
			children = (
				3EFD5CB721B473B600B12818 /* MainViewController.swift */,
			);
			path = UI;
			sourceTree = "<group>";
		};
/* End PBXGroup section */

/* Begin PBXNativeTarget section */
		3EB7F9F413BDF6AB00BCDAAD /* EasyRename */ = {
			isa = PBXNativeTarget;
			buildConfigurationList = 3EB7FA1313BDF6AB00BCDAAD /* Build configuration list for PBXNativeTarget "EasyRename" */;
			buildPhases = (
				3EB7F9F113BDF6AB00BCDAAD /* Sources */,
				3EB7F9F213BDF6AB00BCDAAD /* Frameworks */,
				3EB7F9F313BDF6AB00BCDAAD /* Resources */,
			);
			buildRules = (
			);
			dependencies = (
			);
			name = EasyRename;
			productName = NiceRename;
			productReference = 3EB7F9F513BDF6AB00BCDAAD /* EasyRename.app */;
			productType = "com.apple.product-type.application";
		};
/* End PBXNativeTarget section */

/* Begin PBXProject section */
		3EB7F9EC13BDF6AB00BCDAAD /* Project object */ = {
			isa = PBXProject;
			attributes = {
				LastUpgradeCheck = 1000;
				ORGANIZATIONNAME = 7bit;
				TargetAttributes = {
					3EB7F9F413BDF6AB00BCDAAD = {
						DevelopmentTeam = 5JWCG4D3RR;
						LastSwiftMigration = 1010;
						ProvisioningStyle = Automatic;
					};
				};
			};
			buildConfigurationList = 3EB7F9EF13BDF6AB00BCDAAD /* Build configuration list for PBXProject "NiceRename" */;
			compatibilityVersion = "Xcode 3.2";
			developmentRegion = English;
			hasScannedForEncodings = 0;
			knownRegions = (
				en,
				ru,
			);
			mainGroup = 3EB7F9EA13BDF6AB00BCDAAD;
			productRefGroup = 3EB7F9F613BDF6AB00BCDAAD /* Products */;
			projectDirPath = "";
			projectRoot = "";
			targets = (
				3EB7F9F413BDF6AB00BCDAAD /* EasyRename */,
			);
		};
/* End PBXProject section */

/* Begin PBXResourcesBuildPhase section */
		3EB7F9F313BDF6AB00BCDAAD /* Resources */ = {
			isa = PBXResourcesBuildPhase;
			buildActionMask = 2147483647;
			files = (
				3EB7FA0413BDF6AB00BCDAAD /* Localizable.strings in Resources */,
				3EB7FA0A13BDF6AB00BCDAAD /* Credits.rtf in Resources */,
				3EB7FA1013BDF6AB00BCDAAD /* MainMenu.xib in Resources */,
				3E35F14514BEE7A400AA2F5C /* default.icns in Resources */,
			);
			runOnlyForDeploymentPostprocessing = 0;
		};
/* End PBXResourcesBuildPhase section */

/* Begin PBXSourcesBuildPhase section */
		3EB7F9F113BDF6AB00BCDAAD /* Sources */ = {
			isa = PBXSourcesBuildPhase;
			buildActionMask = 2147483647;
			files = (
				3EFD5CBA21B47C1000B12818 /* Notifications.swift in Sources */,
				3EFD5CBC21B47EB600B12818 /* ErrorType.swift in Sources */,
				3EFD5CB621B46E0000B12818 /* AppDelegate.swift in Sources */,
				3EB7FA0713BDF6AB00BCDAAD /* main.m in Sources */,
				3EFD5CBE21B47F1900B12818 /* RenameType.swift in Sources */,
				3EFD5CC321B481BF00B12818 /* Localization.swift in Sources */,
				3EFD5CB821B473B600B12818 /* MainViewController.swift in Sources */,
			);
			runOnlyForDeploymentPostprocessing = 0;
		};
/* End PBXSourcesBuildPhase section */

/* Begin PBXVariantGroup section */
		3EB7FA0213BDF6AB00BCDAAD /* Localizable.strings */ = {
			isa = PBXVariantGroup;
			children = (
				3EB7FA0313BDF6AB00BCDAAD /* en */,
				3EEDF55B14BCD43A00D62825 /* ru */,
			);
			name = Localizable.strings;
			sourceTree = "<group>";
		};
		3EB7FA0813BDF6AB00BCDAAD /* Credits.rtf */ = {
			isa = PBXVariantGroup;
			children = (
				3EB7FA0913BDF6AB00BCDAAD /* en */,
				3EEDF55C14BCD44200D62825 /* ru */,
			);
			name = Credits.rtf;
			sourceTree = "<group>";
		};
		3EB7FA0E13BDF6AB00BCDAAD /* MainMenu.xib */ = {
			isa = PBXVariantGroup;
			children = (
				3EB7FA0F13BDF6AB00BCDAAD /* en */,
				3EEDF55E14BCDC0200D62825 /* ru */,
			);
			name = MainMenu.xib;
			sourceTree = "<group>";
		};
/* End PBXVariantGroup section */

/* Begin XCBuildConfiguration section */
		3EB7FA1113BDF6AB00BCDAAD /* Debug */ = {
			isa = XCBuildConfiguration;
			buildSettings = {
				CLANG_ANALYZER_LOCALIZABILITY_NONLOCALIZED = YES;
				CLANG_WARN_BLOCK_CAPTURE_AUTORELEASING = YES;
				CLANG_WARN_BOOL_CONVERSION = YES;
				CLANG_WARN_COMMA = YES;
				CLANG_WARN_CONSTANT_CONVERSION = YES;
				CLANG_WARN_DEPRECATED_OBJC_IMPLEMENTATIONS = YES;
				CLANG_WARN_EMPTY_BODY = YES;
				CLANG_WARN_ENUM_CONVERSION = YES;
				CLANG_WARN_INFINITE_RECURSION = YES;
				CLANG_WARN_INT_CONVERSION = YES;
				CLANG_WARN_NON_LITERAL_NULL_CONVERSION = YES;
				CLANG_WARN_OBJC_IMPLICIT_RETAIN_SELF = YES;
				CLANG_WARN_OBJC_LITERAL_CONVERSION = YES;
				CLANG_WARN_RANGE_LOOP_ANALYSIS = YES;
				CLANG_WARN_STRICT_PROTOTYPES = YES;
				CLANG_WARN_SUSPICIOUS_MOVE = YES;
				CLANG_WARN_UNREACHABLE_CODE = YES;
				CLANG_WARN__DUPLICATE_METHOD_MATCH = YES;
				ENABLE_STRICT_OBJC_MSGSEND = YES;
				ENABLE_TESTABILITY = YES;
				GCC_C_LANGUAGE_STANDARD = gnu99;
				GCC_NO_COMMON_BLOCKS = YES;
				GCC_OPTIMIZATION_LEVEL = 0;
				GCC_PREPROCESSOR_DEFINITIONS = DEBUG;
				GCC_SYMBOLS_PRIVATE_EXTERN = NO;
				GCC_VERSION = com.apple.compilers.llvm.clang.1_0;
				GCC_WARN_64_TO_32_BIT_CONVERSION = YES;
				GCC_WARN_ABOUT_RETURN_TYPE = YES;
				GCC_WARN_UNDECLARED_SELECTOR = YES;
				GCC_WARN_UNINITIALIZED_AUTOS = YES;
				GCC_WARN_UNUSED_FUNCTION = YES;
				GCC_WARN_UNUSED_VARIABLE = YES;
				MACOSX_DEPLOYMENT_TARGET = 10.6;
				ONLY_ACTIVE_ARCH = YES;
				SDKROOT = macosx;
			};
			name = Debug;
		};
		3EB7FA1213BDF6AB00BCDAAD /* Release */ = {
			isa = XCBuildConfiguration;
			buildSettings = {
				CLANG_ANALYZER_LOCALIZABILITY_NONLOCALIZED = YES;
				CLANG_WARN_BLOCK_CAPTURE_AUTORELEASING = YES;
				CLANG_WARN_BOOL_CONVERSION = YES;
				CLANG_WARN_COMMA = YES;
				CLANG_WARN_CONSTANT_CONVERSION = YES;
				CLANG_WARN_DEPRECATED_OBJC_IMPLEMENTATIONS = YES;
				CLANG_WARN_EMPTY_BODY = YES;
				CLANG_WARN_ENUM_CONVERSION = YES;
				CLANG_WARN_INFINITE_RECURSION = YES;
				CLANG_WARN_INT_CONVERSION = YES;
				CLANG_WARN_NON_LITERAL_NULL_CONVERSION = YES;
				CLANG_WARN_OBJC_IMPLICIT_RETAIN_SELF = YES;
				CLANG_WARN_OBJC_LITERAL_CONVERSION = YES;
				CLANG_WARN_RANGE_LOOP_ANALYSIS = YES;
				CLANG_WARN_STRICT_PROTOTYPES = YES;
				CLANG_WARN_SUSPICIOUS_MOVE = YES;
				CLANG_WARN_UNREACHABLE_CODE = YES;
				CLANG_WARN__DUPLICATE_METHOD_MATCH = YES;
				ENABLE_STRICT_OBJC_MSGSEND = YES;
				GCC_C_LANGUAGE_STANDARD = gnu99;
				GCC_NO_COMMON_BLOCKS = YES;
				GCC_VERSION = com.apple.compilers.llvm.clang.1_0;
				GCC_WARN_64_TO_32_BIT_CONVERSION = YES;
				GCC_WARN_ABOUT_RETURN_TYPE = YES;
				GCC_WARN_UNDECLARED_SELECTOR = YES;
				GCC_WARN_UNINITIALIZED_AUTOS = YES;
				GCC_WARN_UNUSED_FUNCTION = YES;
				GCC_WARN_UNUSED_VARIABLE = YES;
				MACOSX_DEPLOYMENT_TARGET = 10.6;
				SDKROOT = macosx;
			};
			name = Release;
		};
		3EB7FA1413BDF6AB00BCDAAD /* Debug */ = {
			isa = XCBuildConfiguration;
			buildSettings = {
				ALWAYS_SEARCH_USER_PATHS = NO;
				CLANG_ENABLE_MODULES = YES;
				CLANG_ENABLE_OBJC_ARC = YES;
				CLANG_ENABLE_OBJC_WEAK = YES;
				CODE_SIGN_IDENTITY = "Mac Developer";
				CODE_SIGN_STYLE = Automatic;
				COMBINE_HIDPI_IMAGES = YES;
				COPY_PHASE_STRIP = NO;
				DEVELOPMENT_TEAM = 5JWCG4D3RR;
				GCC_DYNAMIC_NO_PIC = NO;
				GCC_ENABLE_OBJC_EXCEPTIONS = YES;
				GCC_PRECOMPILE_PREFIX_HEADER = YES;
				GCC_PREFIX_HEADER = "NiceRename/NiceRename-Prefix.pch";
				INFOPLIST_FILE = "NiceRename/NiceRename-Info.plist";
				LD_RUNPATH_SEARCH_PATHS = "$(inherited) @executable_path/../Frameworks";
				MACOSX_DEPLOYMENT_TARGET = 10.12;
				PRODUCT_BUNDLE_IDENTIFIER = ru.chupakabr.dev.macos.NiceRename;
				PRODUCT_NAME = "$(TARGET_NAME)";
				PROVISIONING_PROFILE = "";
				PROVISIONING_PROFILE_SPECIFIER = "";
				SDKROOT = macosx;
				SWIFT_OBJC_BRIDGING_HEADER = "NiceRename/EasyRename-Bridging-Header.h";
				SWIFT_OPTIMIZATION_LEVEL = "-Onone";
				SWIFT_VERSION = 4.2;
				WRAPPER_EXTENSION = app;
			};
			name = Debug;
		};
		3EB7FA1513BDF6AB00BCDAAD /* Release */ = {
			isa = XCBuildConfiguration;
			buildSettings = {
				ALWAYS_SEARCH_USER_PATHS = NO;
				CLANG_ENABLE_MODULES = YES;
				CLANG_ENABLE_OBJC_ARC = YES;
				CLANG_ENABLE_OBJC_WEAK = YES;
				CODE_SIGN_IDENTITY = "Mac Developer";
				CODE_SIGN_STYLE = Automatic;
				COMBINE_HIDPI_IMAGES = YES;
				COPY_PHASE_STRIP = YES;
				DEBUG_INFORMATION_FORMAT = "dwarf-with-dsym";
				DEVELOPMENT_TEAM = 5JWCG4D3RR;
				GCC_ENABLE_OBJC_EXCEPTIONS = YES;
				GCC_PRECOMPILE_PREFIX_HEADER = YES;
				GCC_PREFIX_HEADER = "NiceRename/NiceRename-Prefix.pch";
				INFOPLIST_FILE = "NiceRename/NiceRename-Info.plist";
				LD_RUNPATH_SEARCH_PATHS = "$(inherited) @executable_path/../Frameworks";
				MACOSX_DEPLOYMENT_TARGET = 10.12;
				PRODUCT_BUNDLE_IDENTIFIER = ru.chupakabr.dev.macos.NiceRename;
				PRODUCT_NAME = "$(TARGET_NAME)";
				PROVISIONING_PROFILE = "";
				PROVISIONING_PROFILE_SPECIFIER = "";
				SDKROOT = macosx;
				SWIFT_OBJC_BRIDGING_HEADER = "NiceRename/EasyRename-Bridging-Header.h";
				SWIFT_VERSION = 4.2;
				WRAPPER_EXTENSION = app;
			};
			name = Release;
		};
/* End XCBuildConfiguration section */

/* Begin XCConfigurationList section */
		3EB7F9EF13BDF6AB00BCDAAD /* Build configuration list for PBXProject "NiceRename" */ = {
			isa = XCConfigurationList;
			buildConfigurations = (
				3EB7FA1113BDF6AB00BCDAAD /* Debug */,
				3EB7FA1213BDF6AB00BCDAAD /* Release */,
			);
			defaultConfigurationIsVisible = 0;
			defaultConfigurationName = Release;
		};
		3EB7FA1313BDF6AB00BCDAAD /* Build configuration list for PBXNativeTarget "EasyRename" */ = {
			isa = XCConfigurationList;
			buildConfigurations = (
				3EB7FA1413BDF6AB00BCDAAD /* Debug */,
				3EB7FA1513BDF6AB00BCDAAD /* Release */,
			);
			defaultConfigurationIsVisible = 0;
			defaultConfigurationName = Release;
		};
/* End XCConfigurationList section */
	};
	rootObject = 3EB7F9EC13BDF6AB00BCDAAD /* Project object */;
}
